# THIS IS AN AUTOGENERATED FILE. DO NOT EDIT THIS FILE DIRECTLY.
# yarn lockfile v1


async@~1.2.1:
  version "1.2.1"
  resolved "https://registry.yarnpkg.com/async/-/async-1.2.1.tgz#a4816a17cd5ff516dfa2c7698a453369b9790de0"
  integrity sha1-pIFqF81f9RbfosdpikUzabl5DeA=

csv-generate@^3.4.0:
  version "3.4.0"
  resolved "https://registry.yarnpkg.com/csv-generate/-/csv-generate-3.4.0.tgz#360ed73ef8ec7119515a47c3bd5970ac4b988f00"
  integrity sha512-D6yi7c6lL70cpTx3TQIVWKrfxuLiKa0pBizu0zi7fSRXlhmE7u674gk9k1IjCEnxKq2t6xzbXnxcOmSdBbE8vQ==

csv-parse@^4.15.3:
  version "4.15.4"
  resolved "https://registry.yarnpkg.com/csv-parse/-/csv-parse-4.15.4.tgz#ad1ec62aaf71a642982dfcb81f1848184d691db5"
  integrity sha512-OdBbFc0yZhOm17lSxqkirrHlFFVpKRT0wp4DAGoJelsP3LbGzV9LNr7XmM/lrr0uGkCtaqac9UhP8PDHXOAbMg==

csv-stringify@^5.6.2:
  version "5.6.2"
  resolved "https://registry.yarnpkg.com/csv-stringify/-/csv-stringify-5.6.2.tgz#e653783e2189c4c797fbb12abf7f4943c787caa9"
  integrity sha512-n3rIVbX6ylm1YsX2NEug9IaPV8xRnT+9/NNZbrA/bcHgOSSeqtWla6XnI/xmyu57wIw+ASCAoX1oM6EZtqJV0A==

csv@^5.5.0:
  version "5.5.0"
  resolved "https://registry.yarnpkg.com/csv/-/csv-5.5.0.tgz#8ef89e9ac22559064aedf3cbbb912ed4c2aaf9ac"
  integrity sha512-32tcuxdb4HW3zbk8NBcVQb8/7xuJB5sv+q4BuQ6++E/K6JvHvWoCHcGzB5Au95vVikNH4ztE0XNC/Bws950cfA==
  dependencies:
    csv-generate "^3.4.0"
    csv-parse "^4.15.3"
    csv-stringify "^5.6.2"
    stream-transform "^2.1.0"

lodash@^4.17.21:
  version "4.17.21"
  resolved "https://registry.yarnpkg.com/lodash/-/lodash-4.17.21.tgz#679591c564c3bffaae8454cf0b3df370c3d6911c"
  integrity sha512-v2kDEe57lecTulaDIuNTPy3Ry4gLGJ6Z1O3vE1krgXZNrsQ+LFTGHVxVjcXPs17LhbZVGedAJv8XZ1tvj5FvSg==

mixme@^0.5.0:
  version "0.5.1"
  resolved "https://registry.yarnpkg.com/mixme/-/mixme-0.5.1.tgz#b3da79a563b2da46efba9519830059e4c2a9e40f"
  integrity sha512-NaeZIckeBFT7i0XBEpGyFcAE0/bLcQ9MHErTpnU3bLWVE5WZbxG5Y3fDsMxYGifTo5khDA42OquXCC2ngKJB+g==

"ms-wmic@https://github.com/0J3-2/node-ms-wmic.git":
  version "1.0.4"
  resolved "https://github.com/0J3-2/node-ms-wmic.git#0a8ed2b0ca544c0811b6b868c762d05922ea7a93"
  dependencies:
    async "~1.2.1"
    csv "^5.5.0"
    lodash "^4.17.21"

pidof@^1.0.2:
  version "1.0.2"
  resolved "https://registry.yarnpkg.com/pidof/-/pidof-1.0.2.tgz#fba0eae1c8335a11eb8099f5d0f3efbc45cb4e90"
  integrity sha1-+6Dq4cgzWhHrgJn10PPvvEXLTpA=

stream-transform@^2.1.0:
  version "2.1.0"
  resolved "https://registry.yarnpkg.com/stream-transform/-/stream-transform-2.1.0.tgz#e68cc062cced5b8ee669ae97f4be473eee5d9227"
  integrity sha512-bwQO+75rzQbug7e5OOHnOR3FgbJ0fCjHmDIdynkwUaFzleBXugGmv2dx3sX3aIHUQRLjrcisRPgN9BWl63uGgw==
  dependencies:
    mixme "^0.5.0"
